
Microsoft Visual Studio Solution File, Format Version 12.00
# Visual Studio Version 17
VisualStudioVersion = 17.0.31612.314
MinimumVisualStudioVersion = 10.0.40219.1
Project("{FAE04EC0-301F-11D3-BF4B-00C04F79EFBC}") = "LRA", "LRA\LRA.csproj", "{82CDC401-BF06-4DB2-B58E-D1E8B623089D}"
EndProject
Project("{FAE04EC0-301F-11D3-BF4B-00C04F79EFBC}") = "LRA.Android", "LRA.Android\LRA.Android.csproj", "{EF6F8844-53B0-4F5F-A675-D8446EDC7380}"
EndProject
Project("{FAE04EC0-301F-11D3-BF4B-00C04F79EFBC}") = "LRA.iOS", "LRA.iOS\LRA.iOS.csproj", "{4F386180-FBB7-45A7-945D-850B72520D3A}"
EndProject
Global
	GlobalSection(SolutionConfigurationPlatforms) = preSolution
		Debug|Any CPU = Debug|Any CPU
		Debug|iPhone = Debug|iPhone
		Debug|iPhoneSimulator = Debug|iPhoneSimulator
		Release|Any CPU = Release|Any CPU
		Release|iPhone = Release|iPhone
		Release|iPhoneSimulator = Release|iPhoneSimulator
	EndGlobalSection
	GlobalSection(ProjectConfigurationPlatforms) = postSolution
		{82CDC401-BF06-4DB2-B58E-D1E8B623089D}.Debug|Any CPU.ActiveCfg = Debug|Any CPU
		{82CDC401-BF06-4DB2-B58E-D1E8B623089D}.Debug|Any CPU.Build.0 = Debug|Any CPU
		{82CDC401-BF06-4DB2-B58E-D1E8B623089D}.Debug|Any CPU.Deploy.0 = Debug|Any CPU
		{82CDC401-BF06-4DB2-B58E-D1E8B623089D}.Debug|iPhone.ActiveCfg = Debug|Any CPU
		{82CDC401-BF06-4DB2-B58E-D1E8B623089D}.Debug|iPhone.Build.0 = Debug|Any CPU
		{82CDC401-BF06-4DB2-B58E-D1E8B623089D}.Debug|iPhone.Deploy.0 = Debug|Any CPU
		{82CDC401-BF06-4DB2-B58E-D1E8B623089D}.Debug|iPhoneSimulator.ActiveCfg = Debug|Any CPU
		{82CDC401-BF06-4DB2-B58E-D1E8B623089D}.Debug|iPhoneSimulator.Build.0 = Debug|Any CPU
		{82CDC401-BF06-4DB2-B58E-D1E8B623089D}.Debug|iPhoneSimulator.Deploy.0 = Debug|Any CPU
		{82CDC401-BF06-4DB2-B58E-D1E8B623089D}.Release|Any CPU.ActiveCfg = Release|Any CPU
		{82CDC401-BF06-4DB2-B58E-D1E8B623089D}.Release|Any CPU.Build.0 = Release|Any CPU
		{82CDC401-BF06-4DB2-B58E-D1E8B623089D}.Release|Any CPU.Deploy.0 = Release|Any CPU
		{82CDC401-BF06-4DB2-B58E-D1E8B623089D}.Release|iPhone.ActiveCfg = Release|Any CPU
		{82CDC401-BF06-4DB2-B58E-D1E8B623089D}.Release|iPhone.Build.0 = Release|Any CPU
		{82CDC401-BF06-4DB2-B58E-D1E8B623089D}.Release|iPhone.Deploy.0 = Release|Any CPU
		{82CDC401-BF06-4DB2-B58E-D1E8B623089D}.Release|iPhoneSimulator.ActiveCfg = Release|Any CPU
		{82CDC401-BF06-4DB2-B58E-D1E8B623089D}.Release|iPhoneSimulator.Build.0 = Release|Any CPU
		{82CDC401-BF06-4DB2-B58E-D1E8B623089D}.Release|iPhoneSimulator.Deploy.0 = Release|Any CPU
		{EF6F8844-53B0-4F5F-A675-D8446EDC7380}.Debug|Any CPU.ActiveCfg = Debug|Any CPU
		{EF6F8844-53B0-4F5F-A675-D8446EDC7380}.Debug|Any CPU.Build.0 = Debug|Any CPU
		{EF6F8844-53B0-4F5F-A675-D8446EDC7380}.Debug|Any CPU.Deploy.0 = Debug|Any CPU
		{EF6F8844-53B0-4F5F-A675-D8446EDC7380}.Debug|iPhone.ActiveCfg = Debug|Any CPU
		{EF6F8844-53B0-4F5F-A675-D8446EDC7380}.Debug|iPhone.Build.0 = Debug|Any CPU
		{EF6F8844-53B0-4F5F-A675-D8446EDC7380}.Debug|iPhone.Deploy.0 = Debug|Any CPU
		{EF6F8844-53B0-4F5F-A675-D8446EDC7380}.Debug|iPhoneSimulator.ActiveCfg = Debug|Any CPU
		{EF6F8844-53B0-4F5F-A675-D8446EDC7380}.Debug|iPhoneSimulator.Build.0 = Debug|Any CPU
		{EF6F8844-53B0-4F5F-A675-D8446EDC7380}.Debug|iPhoneSimulator.Deploy.0 = Debug|Any CPU
		{EF6F8844-53B0-4F5F-A675-D8446EDC7380}.Release|Any CPU.ActiveCfg = Release|Any CPU
		{EF6F8844-53B0-4F5F-A675-D8446EDC7380}.Release|Any CPU.Build.0 = Release|Any CPU
		{EF6F8844-53B0-4F5F-A675-D8446EDC7380}.Release|Any CPU.Deploy.0 = Release|Any CPU
		{EF6F8844-53B0-4F5F-A675-D8446EDC7380}.Release|iPhone.ActiveCfg = Release|Any CPU
		{EF6F8844-53B0-4F5F-A675-D8446EDC7380}.Release|iPhone.Build.0 = Release|Any CPU
		{EF6F8844-53B0-4F5F-A675-D8446EDC7380}.Release|iPhone.Deploy.0 = Release|Any CPU
		{EF6F8844-53B0-4F5F-A675-D8446EDC7380}.Release|iPhoneSimulator.ActiveCfg = Release|Any CPU
		{EF6F8844-53B0-4F5F-A675-D8446EDC7380}.Release|iPhoneSimulator.Build.0 = Release|Any CPU
		{EF6F8844-53B0-4F5F-A675-D8446EDC7380}.Release|iPhoneSimulator.Deploy.0 = Release|Any CPU
		{4F386180-FBB7-45A7-945D-850B72520D3A}.Debug|Any CPU.ActiveCfg = Debug|iPhone
		{4F386180-FBB7-45A7-945D-850B72520D3A}.Debug|Any CPU.Build.0 = Debug|iPhone
		{4F386180-FBB7-45A7-945D-850B72520D3A}.Debug|Any CPU.Deploy.0 = Debug|iPhone
		{4F386180-FBB7-45A7-945D-850B72520D3A}.Debug|iPhone.ActiveCfg = Debug|iPhone
		{4F386180-FBB7-45A7-945D-850B72520D3A}.Debug|iPhone.Build.0 = Debug|iPhone
		{4F386180-FBB7-45A7-945D-850B72520D3A}.Debug|iPhone.Deploy.0 = Debug|iPhone
		{4F386180-FBB7-45A7-945D-850B72520D3A}.Debug|iPhoneSimulator.ActiveCfg = Debug|iPhoneSimulator
		{4F386180-FBB7-45A7-945D-850B72520D3A}.Debug|iPhoneSimulator.Build.0 = Debug|iPhoneSimulator
		{4F386180-FBB7-45A7-945D-850B72520D3A}.Debug|iPhoneSimulator.Deploy.0 = Debug|iPhoneSimulator
		{4F386180-FBB7-45A7-945D-850B72520D3A}.Release|Any CPU.ActiveCfg = Release|iPhoneSimulator
		{4F386180-FBB7-45A7-945D-850B72520D3A}.Release|Any CPU.Build.0 = Release|iPhoneSimulator
		{4F386180-FBB7-45A7-945D-850B72520D3A}.Release|Any CPU.Deploy.0 = Release|iPhoneSimulator
		{4F386180-FBB7-45A7-945D-850B72520D3A}.Release|iPhone.ActiveCfg = Release|iPhone
		{4F386180-FBB7-45A7-945D-850B72520D3A}.Release|iPhone.Build.0 = Release|iPhone
		{4F386180-FBB7-45A7-945D-850B72520D3A}.Release|iPhone.Deploy.0 = Release|iPhone
		{4F386180-FBB7-45A7-945D-850B72520D3A}.Release|iPhoneSimulator.ActiveCfg = Release|iPhoneSimulator
		{4F386180-FBB7-45A7-945D-850B72520D3A}.Release|iPhoneSimulator.Build.0 = Release|iPhoneSimulator
		{4F386180-FBB7-45A7-945D-850B72520D3A}.Release|iPhoneSimulator.Deploy.0 = Release|iPhoneSimulator
	EndGlobalSection
	GlobalSection(SolutionProperties) = preSolution
		HideSolutionNode = FALSE
	EndGlobalSection
	GlobalSection(ExtensibilityGlobals) = postSolution
		SolutionGuid = {F9372281-E3D6-4F39-852D-B1453C0F7AAD}
	EndGlobalSection
EndGlobal
